
Microsoft Visual Studio Solution File, Format Version 12.00
# Visual Studio Version 17
VisualStudioVersion = 17.9.34728.123
MinimumVisualStudioVersion = 10.0.40219.1
Project("{9A19103F-16F7-4668-BE54-9A1E7A4F7556}") = "LeaderBoard.Api", "LeaderBoard.Api\LeaderBoard.Api.csproj", "{163D69A4-F4F4-445C-B0A3-A53C00D4678D}"
EndProject
Project("{9A19103F-16F7-4668-BE54-9A1E7A4F7556}") = "LeaderBoard.Application", "LeaderBoard.Application\LeaderBoard.Application.csproj", "{31EFDB11-D2A7-4679-BC80-F2990E7253F2}"
EndProject
Project("{9A19103F-16F7-4668-BE54-9A1E7A4F7556}") = "LeaderBoard.Application.Tests", "LeaderBoard.Application.Tests\LeaderBoard.Application.Tests.csproj", "{E79673DA-EA37-4B86-955E-10E703A6B67F}"
EndProject
Project("{9A19103F-16F7-4668-BE54-9A1E7A4F7556}") = "LeaderBoard.Domain", "LeaderBoard.Domain\LeaderBoard.Domain.csproj", "{37CEEB4F-1A11-48C0-B609-77A396701FCD}"
EndProject
Project("{9A19103F-16F7-4668-BE54-9A1E7A4F7556}") = "LeaderBoard.Infrastructure", "LeaderBoard.Infrastructure\LeaderBoard.Infrastructure.csproj", "{8964E838-9E83-4E53-8331-5A0C9E162B1C}"
EndProject
Project("{FAE04EC0-301F-11D3-BF4B-00C04F79EFBC}") = "LeaderBoard.Shared", "LeaderBoard.Shared\LeaderBoard.Shared.csproj", "{4DED2AD2-91D9-4C67-B8D0-24D534FA7859}"
EndProject
Global
	GlobalSection(SolutionConfigurationPlatforms) = preSolution
		Debug|Any CPU = Debug|Any CPU
		Release|Any CPU = Release|Any CPU
	EndGlobalSection
	GlobalSection(ProjectConfigurationPlatforms) = postSolution
		{163D69A4-F4F4-445C-B0A3-A53C00D4678D}.Debug|Any CPU.ActiveCfg = Debug|Any CPU
		{163D69A4-F4F4-445C-B0A3-A53C00D4678D}.Debug|Any CPU.Build.0 = Debug|Any CPU
		{163D69A4-F4F4-445C-B0A3-A53C00D4678D}.Release|Any CPU.ActiveCfg = Release|Any CPU
		{163D69A4-F4F4-445C-B0A3-A53C00D4678D}.Release|Any CPU.Build.0 = Release|Any CPU
		{31EFDB11-D2A7-4679-BC80-F2990E7253F2}.Debug|Any CPU.ActiveCfg = Debug|Any CPU
		{31EFDB11-D2A7-4679-BC80-F2990E7253F2}.Debug|Any CPU.Build.0 = Debug|Any CPU
		{31EFDB11-D2A7-4679-BC80-F2990E7253F2}.Release|Any CPU.ActiveCfg = Release|Any CPU
		{31EFDB11-D2A7-4679-BC80-F2990E7253F2}.Release|Any CPU.Build.0 = Release|Any CPU
		{E79673DA-EA37-4B86-955E-10E703A6B67F}.Debug|Any CPU.ActiveCfg = Debug|Any CPU
		{E79673DA-EA37-4B86-955E-10E703A6B67F}.Debug|Any CPU.Build.0 = Debug|Any CPU
		{E79673DA-EA37-4B86-955E-10E703A6B67F}.Release|Any CPU.ActiveCfg = Release|Any CPU
		{E79673DA-EA37-4B86-955E-10E703A6B67F}.Release|Any CPU.Build.0 = Release|Any CPU
		{37CEEB4F-1A11-48C0-B609-77A396701FCD}.Debug|Any CPU.ActiveCfg = Debug|Any CPU
		{37CEEB4F-1A11-48C0-B609-77A396701FCD}.Debug|Any CPU.Build.0 = Debug|Any CPU
		{37CEEB4F-1A11-48C0-B609-77A396701FCD}.Release|Any CPU.ActiveCfg = Release|Any CPU
		{37CEEB4F-1A11-48C0-B609-77A396701FCD}.Release|Any CPU.Build.0 = Release|Any CPU
		{8964E838-9E83-4E53-8331-5A0C9E162B1C}.Debug|Any CPU.ActiveCfg = Debug|Any CPU
		{8964E838-9E83-4E53-8331-5A0C9E162B1C}.Debug|Any CPU.Build.0 = Debug|Any CPU
		{8964E838-9E83-4E53-8331-5A0C9E162B1C}.Release|Any CPU.ActiveCfg = Release|Any CPU
		{8964E838-9E83-4E53-8331-5A0C9E162B1C}.Release|Any CPU.Build.0 = Release|Any CPU
		{4DED2AD2-91D9-4C67-B8D0-24D534FA7859}.Debug|Any CPU.ActiveCfg = Debug|Any CPU
		{4DED2AD2-91D9-4C67-B8D0-24D534FA7859}.Debug|Any CPU.Build.0 = Debug|Any CPU
		{4DED2AD2-91D9-4C67-B8D0-24D534FA7859}.Release|Any CPU.ActiveCfg = Release|Any CPU
		{4DED2AD2-91D9-4C67-B8D0-24D534FA7859}.Release|Any CPU.Build.0 = Release|Any CPU
	EndGlobalSection
	GlobalSection(SolutionProperties) = preSolution
		HideSolutionNode = FALSE
	EndGlobalSection
	GlobalSection(ExtensibilityGlobals) = postSolution
		SolutionGuid = {3B747570-06BA-4A1E-8B40-6D53ADC1D8F8}
	EndGlobalSection
EndGlobal
