
Microsoft Visual Studio Solution File, Format Version 12.00
# Visual Studio Version 17
VisualStudioVersion = 17.9.34728.123
MinimumVisualStudioVersion = 10.0.40219.1
Project("{9A19103F-16F7-4668-BE54-9A1E7A4F7556}") = "LeaderBoard.Api", "LeaderBoard.Api\LeaderBoard.Api.csproj", "{1D3CE189-8336-4D1C-9057-BD9151B59842}"
EndProject
Project("{FAE04EC0-301F-11D3-BF4B-00C04F79EFBC}") = "LeaderBoard.Application", "..\LeaderBoard.Application\LeaderBoard.Application.csproj", "{27181A05-7A7E-49C2-BA19-D94FCBF945A2}"
EndProject
Project("{FAE04EC0-301F-11D3-BF4B-00C04F79EFBC}") = "LeaderBoard.Infrastructure", "..\LeaderBoard.Infrastructure\LeaderBoard.Infrastructure.csproj", "{E909C466-C811-4234-9730-D3B8A99D7C20}"
EndProject
Project("{FAE04EC0-301F-11D3-BF4B-00C04F79EFBC}") = "LeaderBoard.Domain", "..\LeaderBoard.Domain\LeaderBoard.Domain.csproj", "{5E26C62F-3113-4C58-A63E-291937965FE7}"
EndProject
Project("{FAE04EC0-301F-11D3-BF4B-00C04F79EFBC}") = "LeaderBoard.Shared", "..\LeaderBoard.SharedKernel\LeaderBoard.Shared.csproj", "{39D4CFA1-C88D-413B-8674-4A46AD09F0AD}"
EndProject
Project("{FAE04EC0-301F-11D3-BF4B-00C04F79EFBC}") = "LeaderBoard.Application.Tests", "..\LeaderBoard.Application.Tests\LeaderBoard.Application.Tests.csproj", "{17C12DFB-3CF7-4D97-BCFD-F7D15393FDA2}"
EndProject
Global
	GlobalSection(SolutionConfigurationPlatforms) = preSolution
		Debug|Any CPU = Debug|Any CPU
		Release|Any CPU = Release|Any CPU
	EndGlobalSection
	GlobalSection(ProjectConfigurationPlatforms) = postSolution
		{1D3CE189-8336-4D1C-9057-BD9151B59842}.Debug|Any CPU.ActiveCfg = Debug|Any CPU
		{1D3CE189-8336-4D1C-9057-BD9151B59842}.Debug|Any CPU.Build.0 = Debug|Any CPU
		{1D3CE189-8336-4D1C-9057-BD9151B59842}.Release|Any CPU.ActiveCfg = Release|Any CPU
		{1D3CE189-8336-4D1C-9057-BD9151B59842}.Release|Any CPU.Build.0 = Release|Any CPU
		{27181A05-7A7E-49C2-BA19-D94FCBF945A2}.Debug|Any CPU.ActiveCfg = Debug|Any CPU
		{27181A05-7A7E-49C2-BA19-D94FCBF945A2}.Debug|Any CPU.Build.0 = Debug|Any CPU
		{27181A05-7A7E-49C2-BA19-D94FCBF945A2}.Release|Any CPU.ActiveCfg = Release|Any CPU
		{27181A05-7A7E-49C2-BA19-D94FCBF945A2}.Release|Any CPU.Build.0 = Release|Any CPU
		{E909C466-C811-4234-9730-D3B8A99D7C20}.Debug|Any CPU.ActiveCfg = Debug|Any CPU
		{E909C466-C811-4234-9730-D3B8A99D7C20}.Debug|Any CPU.Build.0 = Debug|Any CPU
		{E909C466-C811-4234-9730-D3B8A99D7C20}.Release|Any CPU.ActiveCfg = Release|Any CPU
		{E909C466-C811-4234-9730-D3B8A99D7C20}.Release|Any CPU.Build.0 = Release|Any CPU
		{5E26C62F-3113-4C58-A63E-291937965FE7}.Debug|Any CPU.ActiveCfg = Debug|Any CPU
		{5E26C62F-3113-4C58-A63E-291937965FE7}.Debug|Any CPU.Build.0 = Debug|Any CPU
		{5E26C62F-3113-4C58-A63E-291937965FE7}.Release|Any CPU.ActiveCfg = Release|Any CPU
		{5E26C62F-3113-4C58-A63E-291937965FE7}.Release|Any CPU.Build.0 = Release|Any CPU
		{39D4CFA1-C88D-413B-8674-4A46AD09F0AD}.Debug|Any CPU.ActiveCfg = Debug|Any CPU
		{39D4CFA1-C88D-413B-8674-4A46AD09F0AD}.Debug|Any CPU.Build.0 = Debug|Any CPU
		{39D4CFA1-C88D-413B-8674-4A46AD09F0AD}.Release|Any CPU.ActiveCfg = Release|Any CPU
		{39D4CFA1-C88D-413B-8674-4A46AD09F0AD}.Release|Any CPU.Build.0 = Release|Any CPU
		{17C12DFB-3CF7-4D97-BCFD-F7D15393FDA2}.Debug|Any CPU.ActiveCfg = Debug|Any CPU
		{17C12DFB-3CF7-4D97-BCFD-F7D15393FDA2}.Debug|Any CPU.Build.0 = Debug|Any CPU
		{17C12DFB-3CF7-4D97-BCFD-F7D15393FDA2}.Release|Any CPU.ActiveCfg = Release|Any CPU
		{17C12DFB-3CF7-4D97-BCFD-F7D15393FDA2}.Release|Any CPU.Build.0 = Release|Any CPU
	EndGlobalSection
	GlobalSection(SolutionProperties) = preSolution
		HideSolutionNode = FALSE
	EndGlobalSection
	GlobalSection(ExtensibilityGlobals) = postSolution
		SolutionGuid = {3B747570-06BA-4A1E-8B40-6D53ADC1D8F8}
	EndGlobalSection
EndGlobal
